
Microsoft Visual Studio Solution File, Format Version 12.00
# Visual Studio Version 17
VisualStudioVersion = 17.8.34525.116
MinimumVisualStudioVersion = 10.0.40219.1
Project("{FAE04EC0-301F-11D3-BF4B-00C04F79EFBC}") = "Linq3_2", "Linq3_2\Linq3_2.csproj", "{DE4BDAD3-32D6-4BBB-ABC7-420E80ACB6C8}"
EndProject
Global
	GlobalSection(SolutionConfigurationPlatforms) = preSolution
		Debug|Any CPU = Debug|Any CPU
		Release|Any CPU = Release|Any CPU
	EndGlobalSection
	GlobalSection(ProjectConfigurationPlatforms) = postSolution
		{DE4BDAD3-32D6-4BBB-ABC7-420E80ACB6C8}.Debug|Any CPU.ActiveCfg = Debug|Any CPU
		{DE4BDAD3-32D6-4BBB-ABC7-420E80ACB6C8}.Debug|Any CPU.Build.0 = Debug|Any CPU
		{DE4BDAD3-32D6-4BBB-ABC7-420E80ACB6C8}.Release|Any CPU.ActiveCfg = Release|Any CPU
		{DE4BDAD3-32D6-4BBB-ABC7-420E80ACB6C8}.Release|Any CPU.Build.0 = Release|Any CPU
	EndGlobalSection
	GlobalSection(SolutionProperties) = preSolution
		HideSolutionNode = FALSE
	EndGlobalSection
	GlobalSection(ExtensibilityGlobals) = postSolution
		SolutionGuid = {E0A9C1F3-047B-43A0-A024-2DE3166F3E86}
	EndGlobalSection
EndGlobal
